{
  "version": "5",
  "specifiers": {
    "jsr:@std/assert@^1.0.6": "1.0.6",
    "jsr:@std/encoding@*": "1.0.7",
    "jsr:@std/encoding@^1.0.7": "1.0.7",
    "jsr:@std/internal@^1.0.4": "1.0.4",
    "jsr:@workingdevshero/deno-imap@1": "1.0.0",
    "npm:rxjs@8.0.0-alpha.14": "8.0.0-alpha.14"
  },
  "jsr": {
    "@std/assert@1.0.6": {
      "integrity": "1904c05806a25d94fe791d6d883b685c9e2dcd60e4f9fc30f4fc5cf010c72207",
      "dependencies": [
        "jsr:@std/internal"
      ]
    },
    "@std/encoding@1.0.7": {
      "integrity": "f631247c1698fef289f2de9e2a33d571e46133b38d042905e3eac3715030a82d"
    },
    "@std/internal@1.0.4": {
      "integrity": "62e8e4911527e5e4f307741a795c0b0a9e6958d0b3790716ae71ce085f755422"
    },
    "@workingdevshero/deno-imap@1.0.0": {
      "integrity": "b70048842a3089d92705e9d7d57298581ff74a23729dce07bd44ce85c79cc6d0"
    }
  },
  "npm": {
    "rxjs@8.0.0-alpha.14": {
      "integrity": "sha512-oRCzFwbAMbo0+dVUeGUCCEf339mW7CESFvVDG3RTncD6yMtV2XoubFMpKEhBd2a9d04EpHl8QSz84/V/agG6bw=="
    }
  },
  "workspace": {
    "dependencies": [
      "jsr:@std/assert@^1.0.6",
      "jsr:@std/encoding@^1.0.7",
      "jsr:@workingdevshero/deno-imap@1",
      "npm:rxjs@8.0.0-alpha.14"
    ]
  }
}
